{
  "name": "tesst-library",
  "version": "1.0.0",
  "lockfileVersion": 2,
  "requires": true,
  "packages": {
    "": {
      "name": "tesst-library",
      "version": "1.0.0",
      "license": "ISC",
      "dependencies": {
        "priority-queue-with-custom-comparator": "^0.0.4"
      }
    },
    "node_modules/priority-queue-with-custom-comparator": {
      "version": "0.0.4",
      "resolved": "https://registry.npmjs.org/priority-queue-with-custom-comparator/-/priority-queue-with-custom-comparator-0.0.4.tgz",
      "integrity": "sha512-VtQBewwekw+P9LiVoYViLQeNhcSkLlIG3f+sfF3rLOIqtkhw0hQSMvtUgI9+FLRKNRoqok/VvI5YdWjzUQyV2Q=="
    }
  },
  "dependencies": {
    "priority-queue-with-custom-comparator": {
      "version": "0.0.4",
      "resolved": "https://registry.npmjs.org/priority-queue-with-custom-comparator/-/priority-queue-with-custom-comparator-0.0.4.tgz",
      "integrity": "sha512-VtQBewwekw+P9LiVoYViLQeNhcSkLlIG3f+sfF3rLOIqtkhw0hQSMvtUgI9+FLRKNRoqok/VvI5YdWjzUQyV2Q=="
    }
  }
}
